
Microsoft Visual Studio Solution File, Format Version 12.00
# Visual Studio Version 17
VisualStudioVersion = 17.3.32922.545
MinimumVisualStudioVersion = 10.0.40219.1
Project("{FAE04EC0-301F-11D3-BF4B-00C04F79EFBC}") = "Circulo_JFMR_1184322", "Circulo_JFMR_1184322\Circulo_JFMR_1184322.csproj", "{7BE767A4-5EE5-494F-93AF-8D9DEED33F46}"
EndProject
Global
	GlobalSection(SolutionConfigurationPlatforms) = preSolution
		Debug|Any CPU = Debug|Any CPU
		Release|Any CPU = Release|Any CPU
	EndGlobalSection
	GlobalSection(ProjectConfigurationPlatforms) = postSolution
		{7BE767A4-5EE5-494F-93AF-8D9DEED33F46}.Debug|Any CPU.ActiveCfg = Debug|Any CPU
		{7BE767A4-5EE5-494F-93AF-8D9DEED33F46}.Debug|Any CPU.Build.0 = Debug|Any CPU
		{7BE767A4-5EE5-494F-93AF-8D9DEED33F46}.Release|Any CPU.ActiveCfg = Release|Any CPU
		{7BE767A4-5EE5-494F-93AF-8D9DEED33F46}.Release|Any CPU.Build.0 = Release|Any CPU
	EndGlobalSection
	GlobalSection(SolutionProperties) = preSolution
		HideSolutionNode = FALSE
	EndGlobalSection
	GlobalSection(ExtensibilityGlobals) = postSolution
		SolutionGuid = {A96D4D34-18CF-4095-919A-A77FA3DAB525}
	EndGlobalSection
EndGlobal
